{
  "name": "werckmeister-components",
  "version": "1.0.0",
  "lockfileVersion": 1,
  "requires": true,
  "dependencies": {
    "werckmeister-ace-build": {
      "version": "1.4.603",
      "resolved": "https://registry.npmjs.org/werckmeister-ace-build/-/werckmeister-ace-build-1.4.603.tgz",
      "integrity": "sha512-gM8oIGeANyZZEjwzyiwWlW4wmK7uRKLVZ4W1i3qGuEHysK25qbN0dmxIYdcNc4plLoWtvrwXs1r+owr8b4qZmQ=="
    }
  }
}
